
Microsoft Visual Studio Solution File, Format Version 12.00
# Visual Studio Version 16
VisualStudioVersion = 16.0.29728.190
MinimumVisualStudioVersion = 10.0.40219.1
Project("{2150E333-8FDC-42A3-9474-1A3956D46DE8}") = "framework", "framework", "{C41780E6-0393-470A-B0AD-E46E7AFFBA91}"
EndProject
Project("{2150E333-8FDC-42A3-9474-1A3956D46DE8}") = "business", "business", "{F58AC1F3-EDFA-4B17-AE4C-3E5A783D1005}"
EndProject
Project("{2150E333-8FDC-42A3-9474-1A3956D46DE8}") = "database", "database", "{359C1907-7E7C-4247-B8FF-E16F90899AAD}"
EndProject
Project("{FAE04EC0-301F-11D3-BF4B-00C04F79EFBC}") = "S3Train.Core", "S3Train.Core\S3Train.Core.csproj", "{DB766CB7-FE6C-4849-9DFE-12A70A537F80}"
EndProject
Project("{FAE04EC0-301F-11D3-BF4B-00C04F79EFBC}") = "S3Train.Domain", "S3Train.Domain\S3Train.Domain.csproj", "{E1778609-49E4-4DE5-A064-570F6E8BCD0F}"
EndProject
Project("{FAE04EC0-301F-11D3-BF4B-00C04F79EFBC}") = "S3Train.Service", "S3Train.Service\S3Train.Service.csproj", "{95439E7B-F59D-4ACD-A2B0-75C27F3319AF}"
EndProject
Project("{FAE04EC0-301F-11D3-BF4B-00C04F79EFBC}") = "S3Train.Web", "S3Train.Web\S3Train.Web.csproj", "{4398D258-C448-49B7-988C-A9E1A27FEBA1}"
EndProject
Project("{FAE04EC0-301F-11D3-BF4B-00C04F79EFBC}") = "TestWebApp", "TestWebApp\TestWebApp.csproj", "{A471407A-602D-4CC3-AA73-95E65A64D233}"
EndProject
Global
	GlobalSection(SolutionConfigurationPlatforms) = preSolution
		Debug|Any CPU = Debug|Any CPU
		Release|Any CPU = Release|Any CPU
	EndGlobalSection
	GlobalSection(ProjectConfigurationPlatforms) = postSolution
		{DB766CB7-FE6C-4849-9DFE-12A70A537F80}.Debug|Any CPU.ActiveCfg = Debug|Any CPU
		{DB766CB7-FE6C-4849-9DFE-12A70A537F80}.Debug|Any CPU.Build.0 = Debug|Any CPU
		{DB766CB7-FE6C-4849-9DFE-12A70A537F80}.Release|Any CPU.ActiveCfg = Release|Any CPU
		{DB766CB7-FE6C-4849-9DFE-12A70A537F80}.Release|Any CPU.Build.0 = Release|Any CPU
		{E1778609-49E4-4DE5-A064-570F6E8BCD0F}.Debug|Any CPU.ActiveCfg = Debug|Any CPU
		{E1778609-49E4-4DE5-A064-570F6E8BCD0F}.Debug|Any CPU.Build.0 = Debug|Any CPU
		{E1778609-49E4-4DE5-A064-570F6E8BCD0F}.Release|Any CPU.ActiveCfg = Release|Any CPU
		{E1778609-49E4-4DE5-A064-570F6E8BCD0F}.Release|Any CPU.Build.0 = Release|Any CPU
		{95439E7B-F59D-4ACD-A2B0-75C27F3319AF}.Debug|Any CPU.ActiveCfg = Debug|Any CPU
		{95439E7B-F59D-4ACD-A2B0-75C27F3319AF}.Debug|Any CPU.Build.0 = Debug|Any CPU
		{95439E7B-F59D-4ACD-A2B0-75C27F3319AF}.Release|Any CPU.ActiveCfg = Release|Any CPU
		{95439E7B-F59D-4ACD-A2B0-75C27F3319AF}.Release|Any CPU.Build.0 = Release|Any CPU
		{4398D258-C448-49B7-988C-A9E1A27FEBA1}.Debug|Any CPU.ActiveCfg = Debug|Any CPU
		{4398D258-C448-49B7-988C-A9E1A27FEBA1}.Debug|Any CPU.Build.0 = Debug|Any CPU
		{4398D258-C448-49B7-988C-A9E1A27FEBA1}.Release|Any CPU.ActiveCfg = Release|Any CPU
		{4398D258-C448-49B7-988C-A9E1A27FEBA1}.Release|Any CPU.Build.0 = Release|Any CPU
		{A471407A-602D-4CC3-AA73-95E65A64D233}.Debug|Any CPU.ActiveCfg = Debug|Any CPU
		{A471407A-602D-4CC3-AA73-95E65A64D233}.Debug|Any CPU.Build.0 = Debug|Any CPU
		{A471407A-602D-4CC3-AA73-95E65A64D233}.Release|Any CPU.ActiveCfg = Release|Any CPU
		{A471407A-602D-4CC3-AA73-95E65A64D233}.Release|Any CPU.Build.0 = Release|Any CPU
	EndGlobalSection
	GlobalSection(SolutionProperties) = preSolution
		HideSolutionNode = FALSE
	EndGlobalSection
	GlobalSection(NestedProjects) = preSolution
		{DB766CB7-FE6C-4849-9DFE-12A70A537F80} = {C41780E6-0393-470A-B0AD-E46E7AFFBA91}
		{E1778609-49E4-4DE5-A064-570F6E8BCD0F} = {F58AC1F3-EDFA-4B17-AE4C-3E5A783D1005}
		{95439E7B-F59D-4ACD-A2B0-75C27F3319AF} = {F58AC1F3-EDFA-4B17-AE4C-3E5A783D1005}
	EndGlobalSection
	GlobalSection(ExtensibilityGlobals) = postSolution
		SolutionGuid = {9E65401C-EF15-4E22-A6CF-234117977687}
	EndGlobalSection
EndGlobal
